
Microsoft Visual Studio Solution File, Format Version 12.00
# Visual Studio 15
VisualStudioVersion = 15.0.28010.2019
MinimumVisualStudioVersion = 10.0.40219.1
Project("{8BC9CEB8-8B4A-11D0-8D11-00A0C91BC942}") = "OpenGL_Project", "OpenGL_Project\OpenGL_Project.vcxproj", "{30DF1F86-66B1-4962-83E7-C0C0FCD092D7}"
EndProject
Global
	GlobalSection(SolutionConfigurationPlatforms) = preSolution
		Debug|x64 = Debug|x64
		Debug|x86 = Debug|x86
		Release|x64 = Release|x64
		Release|x86 = Release|x86
	EndGlobalSection
	GlobalSection(ProjectConfigurationPlatforms) = postSolution
		{30DF1F86-66B1-4962-83E7-C0C0FCD092D7}.Debug|x64.ActiveCfg = Debug|x64
		{30DF1F86-66B1-4962-83E7-C0C0FCD092D7}.Debug|x64.Build.0 = Debug|x64
		{30DF1F86-66B1-4962-83E7-C0C0FCD092D7}.Debug|x86.ActiveCfg = Debug|Win32
		{30DF1F86-66B1-4962-83E7-C0C0FCD092D7}.Debug|x86.Build.0 = Debug|Win32
		{30DF1F86-66B1-4962-83E7-C0C0FCD092D7}.Release|x64.ActiveCfg = Release|x64
		{30DF1F86-66B1-4962-83E7-C0C0FCD092D7}.Release|x64.Build.0 = Release|x64
		{30DF1F86-66B1-4962-83E7-C0C0FCD092D7}.Release|x86.ActiveCfg = Release|Win32
		{30DF1F86-66B1-4962-83E7-C0C0FCD092D7}.Release|x86.Build.0 = Release|Win32
	EndGlobalSection
	GlobalSection(SolutionProperties) = preSolution
		HideSolutionNode = FALSE
	EndGlobalSection
	GlobalSection(ExtensibilityGlobals) = postSolution
		SolutionGuid = {2D82A229-7933-4141-9F32-57EBDAD205AC}
	EndGlobalSection
EndGlobal
